// !$*UTF8*$!
{
	archiveVersion = 1;
	classes = {
	};
	objectVersion = 46;
	objects = {

/* Begin PBXBuildFile section */
		B39A74D71F4BDD7D00931E92 /* AppDelegate.swift in Sources */ = {isa = PBXBuildFile; fileRef = B39A74D61F4BDD7D00931E92 /* AppDelegate.swift */; };
		B39A74D91F4BDD7D00931E92 /* ViewController.swift in Sources */ = {isa = PBXBuildFile; fileRef = B39A74D81F4BDD7D00931E92 /* ViewController.swift */; };
		B39A74DC1F4BDD7D00931E92 /* Main.storyboard in Resources */ = {isa = PBXBuildFile; fileRef = B39A74DA1F4BDD7D00931E92 /* Main.storyboard */; };
		B39A74DE1F4BDD7D00931E92 /* Assets.xcassets in Resources */ = {isa = PBXBuildFile; fileRef = B39A74DD1F4BDD7D00931E92 /* Assets.xcassets */; };
		B39A74E11F4BDD7D00931E92 /* LaunchScreen.storyboard in Resources */ = {isa = PBXBuildFile; fileRef = B39A74DF1F4BDD7D00931E92 /* LaunchScreen.storyboard */; };
		B39A74E91F4BDE5300931E92 /* DateManager.swift in Sources */ = {isa = PBXBuildFile; fileRef = B39A74E81F4BDE5300931E92 /* DateManager.swift */; };
		B39A74EB1F4BDE7200931E92 /* CalendarCell.swift in Sources */ = {isa = PBXBuildFile; fileRef = B39A74EA1F4BDE7200931E92 /* CalendarCell.swift */; };
/* End PBXBuildFile section */

/* Begin PBXFileReference section */
		B39A74D31F4BDD7D00931E92 /* swift3calendar.app */ = {isa = PBXFileReference; explicitFileType = wrapper.application; includeInIndex = 0; path = swift3calendar.app; sourceTree = BUILT_PRODUCTS_DIR; };
		B39A74D61F4BDD7D00931E92 /* AppDelegate.swift */ = {isa = PBXFileReference; lastKnownFileType = sourcecode.swift; path = AppDelegate.swift; sourceTree = "<group>"; };
		B39A74D81F4BDD7D00931E92 /* ViewController.swift */ = {isa = PBXFileReference; lastKnownFileType = sourcecode.swift; path = ViewController.swift; sourceTree = "<group>"; };
		B39A74DB1F4BDD7D00931E92 /* Base */ = {isa = PBXFileReference; lastKnownFileType = file.storyboard; name = Base; path = Base.lproj/Main.storyboard; sourceTree = "<group>"; };
		B39A74DD1F4BDD7D00931E92 /* Assets.xcassets */ = {isa = PBXFileReference; lastKnownFileType = folder.assetcatalog; path = Assets.xcassets; sourceTree = "<group>"; };
		B39A74E01F4BDD7D00931E92 /* Base */ = {isa = PBXFileReference; lastKnownFileType = file.storyboard; name = Base; path = Base.lproj/LaunchScreen.storyboard; sourceTree = "<group>"; };
		B39A74E21F4BDD7D00931E92 /* Info.plist */ = {isa = PBXFileReference; lastKnownFileType = text.plist.xml; path = Info.plist; sourceTree = "<group>"; };
		B39A74E81F4BDE5300931E92 /* DateManager.swift */ = {isa = PBXFileReference; fileEncoding = 4; lastKnownFileType = sourcecode.swift; path = DateManager.swift; sourceTree = "<group>"; };
		B39A74EA1F4BDE7200931E92 /* CalendarCell.swift */ = {isa = PBXFileReference; fileEncoding = 4; lastKnownFileType = sourcecode.swift; path = CalendarCell.swift; sourceTree = "<group>"; };
/* End PBXFileReference section */

/* Begin PBXFrameworksBuildPhase section */
		B39A74D01F4BDD7D00931E92 /* Frameworks */ = {
			isa = PBXFrameworksBuildPhase;
			buildActionMask = 2147483647;
			files = (
			);
			runOnlyForDeploymentPostprocessing = 0;
		};
/* End PBXFrameworksBuildPhase section */

/* Begin PBXGroup section */
		B39A74CA1F4BDD7D00931E92 = {
			isa = PBXGroup;
			children = (
				B39A74D51F4BDD7D00931E92 /* swift3calendar */,
				B39A74D41F4BDD7D00931E92 /* Products */,
			);
			sourceTree = "<group>";
		};
		B39A74D41F4BDD7D00931E92 /* Products */ = {
			isa = PBXGroup;
			children = (
				B39A74D31F4BDD7D00931E92 /* swift3calendar.app */,
			);
			name = Products;
			sourceTree = "<group>";
		};
		B39A74D51F4BDD7D00931E92 /* swift3calendar */ = {
			isa = PBXGroup;
			children = (
				B39A74D61F4BDD7D00931E92 /* AppDelegate.swift */,
				B39A74E81F4BDE5300931E92 /* DateManager.swift */,
				B39A74D81F4BDD7D00931E92 /* ViewController.swift */,
				B39A74EA1F4BDE7200931E92 /* CalendarCell.swift */,
				B39A74DA1F4BDD7D00931E92 /* Main.storyboard */,
				B39A74DD1F4BDD7D00931E92 /* Assets.xcassets */,
				B39A74DF1F4BDD7D00931E92 /* LaunchScreen.storyboard */,
				B39A74E21F4BDD7D00931E92 /* Info.plist */,
			);
			path = swift3calendar;
			sourceTree = "<group>";
		};
/* End PBXGroup section */

/* Begin PBXNativeTarget section */
		B39A74D21F4BDD7D00931E92 /* swift3calendar */ = {
			isa = PBXNativeTarget;
			buildConfigurationList = B39A74E51F4BDD7D00931E92 /* Build configuration list for PBXNativeTarget "swift3calendar" */;
			buildPhases = (
				B39A74CF1F4BDD7D00931E92 /* Sources */,
				B39A74D01F4BDD7D00931E92 /* Frameworks */,
				B39A74D11F4BDD7D00931E92 /* Resources */,
			);
			buildRules = (
			);
			dependencies = (
			);
			name = swift3calendar;
			productName = swift3calendar;
			productReference = B39A74D31F4BDD7D00931E92 /* swift3calendar.app */;
			productType = "com.apple.product-type.application";
		};
/* End PBXNativeTarget section */

/* Begin PBXProject section */
		B39A74CB1F4BDD7D00931E92 /* Project object */ = {
			isa = PBXProject;
			attributes = {
				LastSwiftUpdateCheck = 0830;
				LastUpgradeCheck = 0830;
				ORGANIZATIONNAME = easycomeeasygo;
				TargetAttributes = {
					B39A74D21F4BDD7D00931E92 = {
						CreatedOnToolsVersion = 8.3.3;
						DevelopmentTeam = H576U86V63;
						ProvisioningStyle = Automatic;
					};
				};
			};
			buildConfigurationList = B39A74CE1F4BDD7D00931E92 /* Build configuration list for PBXProject "swift3calendar" */;
			compatibilityVersion = "Xcode 3.2";
			developmentRegion = English;
			hasScannedForEncodings = 0;
			knownRegions = (
				en,
				Base,
			);
			mainGroup = B39A74CA1F4BDD7D00931E92;
			productRefGroup = B39A74D41F4BDD7D00931E92 /* Products */;
			projectDirPath = "";
			projectRoot = "";
			targets = (
				B39A74D21F4BDD7D00931E92 /* swift3calendar */,
			);
		};
/* End PBXProject section */

/* Begin PBXResourcesBuildPhase section */
		B39A74D11F4BDD7D00931E92 /* Resources */ = {
			isa = PBXResourcesBuildPhase;
			buildActionMask = 2147483647;
			files = (
				B39A74E11F4BDD7D00931E92 /* LaunchScreen.storyboard in Resources */,
				B39A74DE1F4BDD7D00931E92 /* Assets.xcassets in Resources */,
				B39A74DC1F4BDD7D00931E92 /* Main.storyboard in Resources */,
			);
			runOnlyForDeploymentPostprocessing = 0;
		};
/* End PBXResourcesBuildPhase section */

/* Begin PBXSourcesBuildPhase section */
		B39A74CF1F4BDD7D00931E92 /* Sources */ = {
			isa = PBXSourcesBuildPhase;
			buildActionMask = 2147483647;
			files = (
				B39A74D91F4BDD7D00931E92 /* ViewController.swift in Sources */,
				B39A74E91F4BDE5300931E92 /* DateManager.swift in Sources */,
				B39A74D71F4BDD7D00931E92 /* AppDelegate.swift in Sources */,
				B39A74EB1F4BDE7200931E92 /* CalendarCell.swift in Sources */,
			);
			runOnlyForDeploymentPostprocessing = 0;
		};
/* End PBXSourcesBuildPhase section */

/* Begin PBXVariantGroup section */
		B39A74DA1F4BDD7D00931E92 /* Main.storyboard */ = {
			isa = PBXVariantGroup;
			children = (
				B39A74DB1F4BDD7D00931E92 /* Base */,
			);
			name = Main.storyboard;
			sourceTree = "<group>";
		};
		B39A74DF1F4BDD7D00931E92 /* LaunchScreen.storyboard */ = {
			isa = PBXVariantGroup;
			children = (
				B39A74E01F4BDD7D00931E92 /* Base */,
			);
			name = LaunchScreen.storyboard;
			sourceTree = "<group>";
		};
/* End PBXVariantGroup section */

/* Begin XCBuildConfiguration section */
		B39A74E31F4BDD7D00931E92 /* Debug */ = {
			isa = XCBuildConfiguration;
			buildSettings = {
				ALWAYS_SEARCH_USER_PATHS = NO;
				CLANG_ANALYZER_NONNULL = YES;
				CLANG_ANALYZER_NUMBER_OBJECT_CONVERSION = YES_AGGRESSIVE;
				CLANG_CXX_LANGUAGE_STANDARD = "gnu++0x";
				CLANG_CXX_LIBRARY = "libc++";
				CLANG_ENABLE_MODULES = YES;
				CLANG_ENABLE_OBJC_ARC = YES;
				CLANG_WARN_BOOL_CONVERSION = YES;
				CLANG_WARN_CONSTANT_CONVERSION = YES;
				CLANG_WARN_DIRECT_OBJC_ISA_USAGE = YES_ERROR;
				CLANG_WARN_DOCUMENTATION_COMMENTS = YES;
				CLANG_WARN_EMPTY_BODY = YES;
				CLANG_WARN_ENUM_CONVERSION = YES;
				CLANG_WARN_INFINITE_RECURSION = YES;
				CLANG_WARN_INT_CONVERSION = YES;
				CLANG_WARN_OBJC_ROOT_CLASS = YES_ERROR;
				CLANG_WARN_SUSPICIOUS_MOVE = YES;
				CLANG_WARN_UNREACHABLE_CODE = YES;
				CLANG_WARN__DUPLICATE_METHOD_MATCH = YES;
				"CODE_SIGN_IDENTITY[sdk=iphoneos*]" = "iPhone Developer";
				COPY_PHASE_STRIP = NO;
				DEBUG_INFORMATION_FORMAT = dwarf;
				ENABLE_STRICT_OBJC_MSGSEND = YES;
				ENABLE_TESTABILITY = YES;
				GCC_C_LANGUAGE_STANDARD = gnu99;
				GCC_DYNAMIC_NO_PIC = NO;
				GCC_NO_COMMON_BLOCKS = YES;
				GCC_OPTIMIZATION_LEVEL = 0;
				GCC_PREPROCESSOR_DEFINITIONS = (
					"DEBUG=1",
					"$(inherited)",
				);
				GCC_WARN_64_TO_32_BIT_CONVERSION = YES;
				GCC_WARN_ABOUT_RETURN_TYPE = YES_ERROR;
				GCC_WARN_UNDECLARED_SELECTOR = YES;
				GCC_WARN_UNINITIALIZED_AUTOS = YES_AGGRESSIVE;
				GCC_WARN_UNUSED_FUNCTION = YES;
				GCC_WARN_UNUSED_VARIABLE = YES;
				IPHONEOS_DEPLOYMENT_TARGET = 10.3;
				MTL_ENABLE_DEBUG_INFO = YES;
				ONLY_ACTIVE_ARCH = YES;
				SDKROOT = iphoneos;
				SWIFT_ACTIVE_COMPILATION_CONDITIONS = DEBUG;
				SWIFT_OPTIMIZATION_LEVEL = "-Onone";
				TARGETED_DEVICE_FAMILY = "1,2";
			};
			name = Debug;
		};
		B39A74E41F4BDD7D00931E92 /* Release */ = {
			isa = XCBuildConfiguration;
			buildSettings = {
				ALWAYS_SEARCH_USER_PATHS = NO;
				CLANG_ANALYZER_NONNULL = YES;
				CLANG_ANALYZER_NUMBER_OBJECT_CONVERSION = YES_AGGRESSIVE;
				CLANG_CXX_LANGUAGE_STANDARD = "gnu++0x";
				CLANG_CXX_LIBRARY = "libc++";
				CLANG_ENABLE_MODULES = YES;
				CLANG_ENABLE_OBJC_ARC = YES;
				CLANG_WARN_BOOL_CONVERSION = YES;
				CLANG_WARN_CONSTANT_CONVERSION = YES;
				CLANG_WARN_DIRECT_OBJC_ISA_USAGE = YES_ERROR;
				CLANG_WARN_DOCUMENTATION_COMMENTS = YES;
				CLANG_WARN_EMPTY_BODY = YES;
				CLANG_WARN_ENUM_CONVERSION = YES;
				CLANG_WARN_INFINITE_RECURSION = YES;
				CLANG_WARN_INT_CONVERSION = YES;
				CLANG_WARN_OBJC_ROOT_CLASS = YES_ERROR;
				CLANG_WARN_SUSPICIOUS_MOVE = YES;
				CLANG_WARN_UNREACHABLE_CODE = YES;
				CLANG_WARN__DUPLICATE_METHOD_MATCH = YES;
				"CODE_SIGN_IDENTITY[sdk=iphoneos*]" = "iPhone Developer";
				COPY_PHASE_STRIP = NO;
				DEBUG_INFORMATION_FORMAT = "dwarf-with-dsym";
				ENABLE_NS_ASSERTIONS = NO;
				ENABLE_STRICT_OBJC_MSGSEND = YES;
				GCC_C_LANGUAGE_STANDARD = gnu99;
				GCC_NO_COMMON_BLOCKS = YES;
				GCC_WARN_64_TO_32_BIT_CONVERSION = YES;
				GCC_WARN_ABOUT_RETURN_TYPE = YES_ERROR;
				GCC_WARN_UNDECLARED_SELECTOR = YES;
				GCC_WARN_UNINITIALIZED_AUTOS = YES_AGGRESSIVE;
				GCC_WARN_UNUSED_FUNCTION = YES;
				GCC_WARN_UNUSED_VARIABLE = YES;
				IPHONEOS_DEPLOYMENT_TARGET = 10.3;
				MTL_ENABLE_DEBUG_INFO = NO;
				SDKROOT = iphoneos;
				SWIFT_OPTIMIZATION_LEVEL = "-Owholemodule";
				TARGETED_DEVICE_FAMILY = "1,2";
				VALIDATE_PRODUCT = YES;
			};
			name = Release;
		};
		B39A74E61F4BDD7D00931E92 /* Debug */ = {
			isa = XCBuildConfiguration;
			buildSettings = {
				ASSETCATALOG_COMPILER_APPICON_NAME = AppIcon;
				DEVELOPMENT_TEAM = H576U86V63;
				INFOPLIST_FILE = swift3calendar/Info.plist;
				LD_RUNPATH_SEARCH_PATHS = "$(inherited) @executable_path/Frameworks";
				PRODUCT_BUNDLE_IDENTIFIER = me.easycomeeasygo.swift3calendar;
				PRODUCT_NAME = "$(TARGET_NAME)";
				SWIFT_VERSION = 3.0;
			};
			name = Debug;
		};
		B39A74E71F4BDD7D00931E92 /* Release */ = {
			isa = XCBuildConfiguration;
			buildSettings = {
				ASSETCATALOG_COMPILER_APPICON_NAME = AppIcon;
				DEVELOPMENT_TEAM = H576U86V63;
				INFOPLIST_FILE = swift3calendar/Info.plist;
				LD_RUNPATH_SEARCH_PATHS = "$(inherited) @executable_path/Frameworks";
				PRODUCT_BUNDLE_IDENTIFIER = me.easycomeeasygo.swift3calendar;
				PRODUCT_NAME = "$(TARGET_NAME)";
				SWIFT_VERSION = 3.0;
			};
			name = Release;
		};
/* End XCBuildConfiguration section */

/* Begin XCConfigurationList section */
		B39A74CE1F4BDD7D00931E92 /* Build configuration list for PBXProject "swift3calendar" */ = {
			isa = XCConfigurationList;
			buildConfigurations = (
				B39A74E31F4BDD7D00931E92 /* Debug */,
				B39A74E41F4BDD7D00931E92 /* Release */,
			);
			defaultConfigurationIsVisible = 0;
			defaultConfigurationName = Release;
		};
		B39A74E51F4BDD7D00931E92 /* Build configuration list for PBXNativeTarget "swift3calendar" */ = {
			isa = XCConfigurationList;
			buildConfigurations = (
				B39A74E61F4BDD7D00931E92 /* Debug */,
				B39A74E71F4BDD7D00931E92 /* Release */,
			);
			defaultConfigurationIsVisible = 0;
		};
/* End XCConfigurationList section */
	};
	rootObject = B39A74CB1F4BDD7D00931E92 /* Project object */;
}
